
Microsoft Visual Studio Solution File, Format Version 12.00
# Visual Studio 15
VisualStudioVersion = 15.0.28307.271
MinimumVisualStudioVersion = 10.0.40219.1
Project("{FAE04EC0-301F-11D3-BF4B-00C04F79EFBC}") = "BBRecycle_Service", "BBRecycle_Service\BBRecycle_Service.csproj", "{2BA37658-8209-4AB1-AD73-5A0C7F496145}"
EndProject
Project("{FAE04EC0-301F-11D3-BF4B-00C04F79EFBC}") = "Model", "Model\Model.csproj", "{0E6B70DB-9C2E-44BA-B561-DEB5967754B0}"
EndProject
Project("{FAE04EC0-301F-11D3-BF4B-00C04F79EFBC}") = "DAL", "DAL\DAL.csproj", "{7ABAD5D8-3441-4C7B-8C1A-6DC3C23E8B36}"
EndProject
Project("{FAE04EC0-301F-11D3-BF4B-00C04F79EFBC}") = "IDAL", "IDAL\IDAL.csproj", "{837C5966-53D7-4CD9-9B78-DDBB3DF87AC7}"
EndProject
Project("{FAE04EC0-301F-11D3-BF4B-00C04F79EFBC}") = "BLL", "BLL\BLL.csproj", "{225B76C3-E52B-4280-919D-E368F7460AFB}"
EndProject
Global
	GlobalSection(SolutionConfigurationPlatforms) = preSolution
		Debug|Any CPU = Debug|Any CPU
		Release|Any CPU = Release|Any CPU
	EndGlobalSection
	GlobalSection(ProjectConfigurationPlatforms) = postSolution
		{2BA37658-8209-4AB1-AD73-5A0C7F496145}.Debug|Any CPU.ActiveCfg = Debug|Any CPU
		{2BA37658-8209-4AB1-AD73-5A0C7F496145}.Debug|Any CPU.Build.0 = Debug|Any CPU
		{2BA37658-8209-4AB1-AD73-5A0C7F496145}.Release|Any CPU.ActiveCfg = Release|Any CPU
		{2BA37658-8209-4AB1-AD73-5A0C7F496145}.Release|Any CPU.Build.0 = Release|Any CPU
		{0E6B70DB-9C2E-44BA-B561-DEB5967754B0}.Debug|Any CPU.ActiveCfg = Debug|Any CPU
		{0E6B70DB-9C2E-44BA-B561-DEB5967754B0}.Debug|Any CPU.Build.0 = Debug|Any CPU
		{0E6B70DB-9C2E-44BA-B561-DEB5967754B0}.Release|Any CPU.ActiveCfg = Release|Any CPU
		{0E6B70DB-9C2E-44BA-B561-DEB5967754B0}.Release|Any CPU.Build.0 = Release|Any CPU
		{7ABAD5D8-3441-4C7B-8C1A-6DC3C23E8B36}.Debug|Any CPU.ActiveCfg = Debug|Any CPU
		{7ABAD5D8-3441-4C7B-8C1A-6DC3C23E8B36}.Debug|Any CPU.Build.0 = Debug|Any CPU
		{7ABAD5D8-3441-4C7B-8C1A-6DC3C23E8B36}.Release|Any CPU.ActiveCfg = Release|Any CPU
		{7ABAD5D8-3441-4C7B-8C1A-6DC3C23E8B36}.Release|Any CPU.Build.0 = Release|Any CPU
		{837C5966-53D7-4CD9-9B78-DDBB3DF87AC7}.Debug|Any CPU.ActiveCfg = Debug|Any CPU
		{837C5966-53D7-4CD9-9B78-DDBB3DF87AC7}.Debug|Any CPU.Build.0 = Debug|Any CPU
		{837C5966-53D7-4CD9-9B78-DDBB3DF87AC7}.Release|Any CPU.ActiveCfg = Release|Any CPU
		{837C5966-53D7-4CD9-9B78-DDBB3DF87AC7}.Release|Any CPU.Build.0 = Release|Any CPU
		{225B76C3-E52B-4280-919D-E368F7460AFB}.Debug|Any CPU.ActiveCfg = Debug|Any CPU
		{225B76C3-E52B-4280-919D-E368F7460AFB}.Debug|Any CPU.Build.0 = Debug|Any CPU
		{225B76C3-E52B-4280-919D-E368F7460AFB}.Release|Any CPU.ActiveCfg = Release|Any CPU
		{225B76C3-E52B-4280-919D-E368F7460AFB}.Release|Any CPU.Build.0 = Release|Any CPU
	EndGlobalSection
	GlobalSection(SolutionProperties) = preSolution
		HideSolutionNode = FALSE
	EndGlobalSection
	GlobalSection(ExtensibilityGlobals) = postSolution
		SolutionGuid = {9D75A2FB-B66B-42AB-8BA4-BAA3392509A5}
	EndGlobalSection
EndGlobal
